{
  "originHash" : "e618d1f5aa4b358731d5bd3d15f8973b873fee274695fa0debc44fd94fb22a56",
  "pins" : [
    {
      "identity" : "nvactivityindicatorview",
      "kind" : "remoteSourceControl",
      "location" : "https://github.com/voyager-software/NVActivityIndicatorView",
      "state" : {
        "revision" : "4f87c8d88b4a44e166782925aa81757052522238",
        "version" : "6.0.0"
      }
    }
  ],
  "version" : 3
}
