{
  "originHash" : "31b8a0c45e28a02d9cfec0b66abc11f89675efa502cdd0fce683bb04840af616",
  "pins" : [
    {
      "identity" : "nvactivityindicatorview",
      "kind" : "remoteSourceControl",
      "location" : "https://github.com/voyager-software/NVActivityIndicatorView",
      "state" : {
        "revision" : "2fc88ee6c4e4f026f1fda38f628cff86eac4d1c6",
        "version" : "6.1.0"
      }
    }
  ],
  "version" : 3
}
